
Microsoft Visual Studio Solution File, Format Version 12.00
# Visual Studio Version 16
VisualStudioVersion = 16.0.32228.343
MinimumVisualStudioVersion = 10.0.40219.1
Project("{FAE04EC0-301F-11D3-BF4B-00C04F79EFBC}") = "DipTradeProj", "DipTradeProj.csproj", "{63DCA449-DD19-453A-ABBE-EF8468CDB6CE}"
EndProject
Global
	GlobalSection(SolutionConfigurationPlatforms) = preSolution
		Debug|Any CPU = Debug|Any CPU
		DebugLocal|Any CPU = DebugLocal|Any CPU
		Release|Any CPU = Release|Any CPU
	EndGlobalSection
	GlobalSection(ProjectConfigurationPlatforms) = postSolution
		{63DCA449-DD19-453A-ABBE-EF8468CDB6CE}.Debug|Any CPU.ActiveCfg = Debug|Any CPU
		{63DCA449-DD19-453A-ABBE-EF8468CDB6CE}.Debug|Any CPU.Build.0 = Debug|Any CPU
		{63DCA449-DD19-453A-ABBE-EF8468CDB6CE}.DebugLocal|Any CPU.ActiveCfg = Debug|Any CPU
		{63DCA449-DD19-453A-ABBE-EF8468CDB6CE}.DebugLocal|Any CPU.Build.0 = Debug|Any CPU
		{63DCA449-DD19-453A-ABBE-EF8468CDB6CE}.Release|Any CPU.ActiveCfg = Release|Any CPU
		{63DCA449-DD19-453A-ABBE-EF8468CDB6CE}.Release|Any CPU.Build.0 = Release|Any CPU
	EndGlobalSection
	GlobalSection(SolutionProperties) = preSolution
		HideSolutionNode = FALSE
	EndGlobalSection
	GlobalSection(ExtensibilityGlobals) = postSolution
		SolutionGuid = {8620A907-D910-44A3-8375-2007CA33508C}
	EndGlobalSection
EndGlobal
